
Microsoft Visual Studio Solution File, Format Version 12.00
# Visual Studio Version 16
VisualStudioVersion = 16.0.29324.140
MinimumVisualStudioVersion = 10.0.40219.1
Project("{9A19103F-16F7-4668-BE54-9A1E7A4F7556}") = "MazeWPF", "MazeWPF\MazeWPF.csproj", "{6F13D15E-84B1-4ECF-9293-EAEF3F085B55}"
EndProject
Project("{FAE04EC0-301F-11D3-BF4B-00C04F79EFBC}") = "MazeWPF.UnitTests", "MazeWPF.UnitTests\MazeWPF.UnitTests.csproj", "{FE4151C9-823C-4C48-88AC-B37DFDF9024C}"
EndProject
Global
	GlobalSection(SolutionConfigurationPlatforms) = preSolution
		Debug|Any CPU = Debug|Any CPU
		Release|Any CPU = Release|Any CPU
	EndGlobalSection
	GlobalSection(ProjectConfigurationPlatforms) = postSolution
		{6F13D15E-84B1-4ECF-9293-EAEF3F085B55}.Debug|Any CPU.ActiveCfg = Debug|Any CPU
		{6F13D15E-84B1-4ECF-9293-EAEF3F085B55}.Debug|Any CPU.Build.0 = Debug|Any CPU
		{6F13D15E-84B1-4ECF-9293-EAEF3F085B55}.Release|Any CPU.ActiveCfg = Release|Any CPU
		{6F13D15E-84B1-4ECF-9293-EAEF3F085B55}.Release|Any CPU.Build.0 = Release|Any CPU
		{FE4151C9-823C-4C48-88AC-B37DFDF9024C}.Debug|Any CPU.ActiveCfg = Debug|Any CPU
		{FE4151C9-823C-4C48-88AC-B37DFDF9024C}.Debug|Any CPU.Build.0 = Debug|Any CPU
		{FE4151C9-823C-4C48-88AC-B37DFDF9024C}.Release|Any CPU.ActiveCfg = Release|Any CPU
		{FE4151C9-823C-4C48-88AC-B37DFDF9024C}.Release|Any CPU.Build.0 = Release|Any CPU
	EndGlobalSection
	GlobalSection(SolutionProperties) = preSolution
		HideSolutionNode = FALSE
	EndGlobalSection
	GlobalSection(ExtensibilityGlobals) = postSolution
		SolutionGuid = {B4E9F15D-FADC-40F4-8518-F11FA91A41F4}
	EndGlobalSection
EndGlobal
